// !$*UTF8*$!
{
	archiveVersion = 1;
	classes = {
	};
	objectVersion = 50;
	objects = {

/* Begin PBXBuildFile section */
		92767B0A246F4A380093D85D /* AppDelegate.swift in Sources */ = {isa = PBXBuildFile; fileRef = 92767B09246F4A380093D85D /* AppDelegate.swift */; };
		92767B0C246F4A380093D85D /* SceneDelegate.swift in Sources */ = {isa = PBXBuildFile; fileRef = 92767B0B246F4A380093D85D /* SceneDelegate.swift */; };
		92767B0E246F4A380093D85D /* ViewController.swift in Sources */ = {isa = PBXBuildFile; fileRef = 92767B0D246F4A380093D85D /* ViewController.swift */; };
		92767B11246F4A380093D85D /* Main.storyboard in Resources */ = {isa = PBXBuildFile; fileRef = 92767B0F246F4A380093D85D /* Main.storyboard */; };
		92767B13246F4A440093D85D /* Assets.xcassets in Resources */ = {isa = PBXBuildFile; fileRef = 92767B12246F4A440093D85D /* Assets.xcassets */; };
		92767B16246F4A440093D85D /* LaunchScreen.storyboard in Resources */ = {isa = PBXBuildFile; fileRef = 92767B14246F4A440093D85D /* LaunchScreen.storyboard */; };
		92767B21246F4A450093D85D /* TestAppTests.swift in Sources */ = {isa = PBXBuildFile; fileRef = 92767B20246F4A450093D85D /* TestAppTests.swift */; };
		92767B2C246F4A450093D85D /* TestAppUITests.swift in Sources */ = {isa = PBXBuildFile; fileRef = 92767B2B246F4A450093D85D /* TestAppUITests.swift */; };
/* End PBXBuildFile section */

/* Begin PBXContainerItemProxy section */
		92767B1D246F4A450093D85D /* PBXContainerItemProxy */ = {
			isa = PBXContainerItemProxy;
			containerPortal = 92767AFE246F4A370093D85D /* Project object */;
			proxyType = 1;
			remoteGlobalIDString = 92767B05246F4A380093D85D;
			remoteInfo = TestApp;
		};
		92767B28246F4A450093D85D /* PBXContainerItemProxy */ = {
			isa = PBXContainerItemProxy;
			containerPortal = 92767AFE246F4A370093D85D /* Project object */;
			proxyType = 1;
			remoteGlobalIDString = 92767B05246F4A380093D85D;
			remoteInfo = TestApp;
		};
/* End PBXContainerItemProxy section */

/* Begin PBXFileReference section */
		92767B06246F4A380093D85D /* TestApp.app */ = {isa = PBXFileReference; explicitFileType = wrapper.application; includeInIndex = 0; path = TestApp.app; sourceTree = BUILT_PRODUCTS_DIR; };
		92767B09246F4A380093D85D /* AppDelegate.swift */ = {isa = PBXFileReference; lastKnownFileType = sourcecode.swift; path = AppDelegate.swift; sourceTree = "<group>"; };
		92767B0B246F4A380093D85D /* SceneDelegate.swift */ = {isa = PBXFileReference; lastKnownFileType = sourcecode.swift; path = SceneDelegate.swift; sourceTree = "<group>"; };
		92767B0D246F4A380093D85D /* ViewController.swift */ = {isa = PBXFileReference; lastKnownFileType = sourcecode.swift; path = ViewController.swift; sourceTree = "<group>"; };
		92767B10246F4A380093D85D /* Base */ = {isa = PBXFileReference; lastKnownFileType = file.storyboard; name = Base; path = Base.lproj/Main.storyboard; sourceTree = "<group>"; };
		92767B12246F4A440093D85D /* Assets.xcassets */ = {isa = PBXFileReference; lastKnownFileType = folder.assetcatalog; path = Assets.xcassets; sourceTree = "<group>"; };
		92767B15246F4A440093D85D /* Base */ = {isa = PBXFileReference; lastKnownFileType = file.storyboard; name = Base; path = Base.lproj/LaunchScreen.storyboard; sourceTree = "<group>"; };
		92767B17246F4A440093D85D /* Info.plist */ = {isa = PBXFileReference; lastKnownFileType = text.plist.xml; path = Info.plist; sourceTree = "<group>"; };
		92767B1C246F4A450093D85D /* TestAppTests.xctest */ = {isa = PBXFileReference; explicitFileType = wrapper.cfbundle; includeInIndex = 0; path = TestAppTests.xctest; sourceTree = BUILT_PRODUCTS_DIR; };
		92767B20246F4A450093D85D /* TestAppTests.swift */ = {isa = PBXFileReference; lastKnownFileType = sourcecode.swift; path = TestAppTests.swift; sourceTree = "<group>"; };
		92767B22246F4A450093D85D /* Info.plist */ = {isa = PBXFileReference; lastKnownFileType = text.plist.xml; path = Info.plist; sourceTree = "<group>"; };
		92767B27246F4A450093D85D /* TestAppUITests.xctest */ = {isa = PBXFileReference; explicitFileType = wrapper.cfbundle; includeInIndex = 0; path = TestAppUITests.xctest; sourceTree = BUILT_PRODUCTS_DIR; };
		92767B2B246F4A450093D85D /* TestAppUITests.swift */ = {isa = PBXFileReference; lastKnownFileType = sourcecode.swift; path = TestAppUITests.swift; sourceTree = "<group>"; };
		92767B2D246F4A450093D85D /* Info.plist */ = {isa = PBXFileReference; lastKnownFileType = text.plist.xml; path = Info.plist; sourceTree = "<group>"; };
/* End PBXFileReference section */

/* Begin PBXFrameworksBuildPhase section */
		92767B03246F4A380093D85D /* Frameworks */ = {
			isa = PBXFrameworksBuildPhase;
			buildActionMask = 2147483647;
			files = (
			);
			runOnlyForDeploymentPostprocessing = 0;
		};
		92767B19246F4A450093D85D /* Frameworks */ = {
			isa = PBXFrameworksBuildPhase;
			buildActionMask = 2147483647;
			files = (
			);
			runOnlyForDeploymentPostprocessing = 0;
		};
		92767B24246F4A450093D85D /* Frameworks */ = {
			isa = PBXFrameworksBuildPhase;
			buildActionMask = 2147483647;
			files = (
			);
			runOnlyForDeploymentPostprocessing = 0;
		};
/* End PBXFrameworksBuildPhase section */

/* Begin PBXGroup section */
		92767AFD246F4A370093D85D = {
			isa = PBXGroup;
			children = (
				92767B08246F4A380093D85D /* TestApp */,
				92767B1F246F4A450093D85D /* TestAppTests */,
				92767B2A246F4A450093D85D /* TestAppUITests */,
				92767B07246F4A380093D85D /* Products */,
			);
			sourceTree = "<group>";
		};
		92767B07246F4A380093D85D /* Products */ = {
			isa = PBXGroup;
			children = (
				92767B06246F4A380093D85D /* TestApp.app */,
				92767B1C246F4A450093D85D /* TestAppTests.xctest */,
				92767B27246F4A450093D85D /* TestAppUITests.xctest */,
			);
			name = Products;
			sourceTree = "<group>";
		};
		92767B08246F4A380093D85D /* TestApp */ = {
			isa = PBXGroup;
			children = (
				92767B09246F4A380093D85D /* AppDelegate.swift */,
				92767B0B246F4A380093D85D /* SceneDelegate.swift */,
				92767B0D246F4A380093D85D /* ViewController.swift */,
				92767B0F246F4A380093D85D /* Main.storyboard */,
				92767B12246F4A440093D85D /* Assets.xcassets */,
				92767B14246F4A440093D85D /* LaunchScreen.storyboard */,
				92767B17246F4A440093D85D /* Info.plist */,
			);
			path = TestApp;
			sourceTree = "<group>";
		};
		92767B1F246F4A450093D85D /* TestAppTests */ = {
			isa = PBXGroup;
			children = (
				92767B20246F4A450093D85D /* TestAppTests.swift */,
				92767B22246F4A450093D85D /* Info.plist */,
			);
			path = TestAppTests;
			sourceTree = "<group>";
		};
		92767B2A246F4A450093D85D /* TestAppUITests */ = {
			isa = PBXGroup;
			children = (
				92767B2B246F4A450093D85D /* TestAppUITests.swift */,
				92767B2D246F4A450093D85D /* Info.plist */,
			);
			path = TestAppUITests;
			sourceTree = "<group>";
		};
/* End PBXGroup section */

/* Begin PBXNativeTarget section */
		92767B05246F4A380093D85D /* TestApp */ = {
			isa = PBXNativeTarget;
			buildConfigurationList = 92767B30246F4A450093D85D /* Build configuration list for PBXNativeTarget "TestApp" */;
			buildPhases = (
				92767B02246F4A380093D85D /* Sources */,
				92767B03246F4A380093D85D /* Frameworks */,
				92767B04246F4A380093D85D /* Resources */,
			);
			buildRules = (
			);
			dependencies = (
			);
			name = TestApp;
			productName = TestApp;
			productReference = 92767B06246F4A380093D85D /* TestApp.app */;
			productType = "com.apple.product-type.application";
		};
		92767B1B246F4A450093D85D /* TestAppTests */ = {
			isa = PBXNativeTarget;
			buildConfigurationList = 92767B33246F4A450093D85D /* Build configuration list for PBXNativeTarget "TestAppTests" */;
			buildPhases = (
				92767B18246F4A450093D85D /* Sources */,
				92767B19246F4A450093D85D /* Frameworks */,
				92767B1A246F4A450093D85D /* Resources */,
			);
			buildRules = (
			);
			dependencies = (
				92767B1E246F4A450093D85D /* PBXTargetDependency */,
			);
			name = TestAppTests;
			productName = TestAppTests;
			productReference = 92767B1C246F4A450093D85D /* TestAppTests.xctest */;
			productType = "com.apple.product-type.bundle.unit-test";
		};
		92767B26246F4A450093D85D /* TestAppUITests */ = {
			isa = PBXNativeTarget;
			buildConfigurationList = 92767B36246F4A450093D85D /* Build configuration list for PBXNativeTarget "TestAppUITests" */;
			buildPhases = (
				92767B23246F4A450093D85D /* Sources */,
				92767B24246F4A450093D85D /* Frameworks */,
				92767B25246F4A450093D85D /* Resources */,
			);
			buildRules = (
			);
			dependencies = (
				92767B29246F4A450093D85D /* PBXTargetDependency */,
			);
			name = TestAppUITests;
			productName = TestAppUITests;
			productReference = 92767B27246F4A450093D85D /* TestAppUITests.xctest */;
			productType = "com.apple.product-type.bundle.ui-testing";
		};
/* End PBXNativeTarget section */

/* Begin PBXProject section */
		92767AFE246F4A370093D85D /* Project object */ = {
			isa = PBXProject;
			attributes = {
				LastSwiftUpdateCheck = 1140;
				LastUpgradeCheck = 1140;
				ORGANIZATIONNAME = "Ben Kirby";
				TargetAttributes = {
					92767B05246F4A380093D85D = {
						CreatedOnToolsVersion = 11.4.1;
					};
					92767B1B246F4A450093D85D = {
						CreatedOnToolsVersion = 11.4.1;
						TestTargetID = 92767B05246F4A380093D85D;
					};
					92767B26246F4A450093D85D = {
						CreatedOnToolsVersion = 11.4.1;
						TestTargetID = 92767B05246F4A380093D85D;
					};
				};
			};
			buildConfigurationList = 92767B01246F4A370093D85D /* Build configuration list for PBXProject "TestApp" */;
			compatibilityVersion = "Xcode 9.3";
			developmentRegion = en;
			hasScannedForEncodings = 0;
			knownRegions = (
				en,
				Base,
			);
			mainGroup = 92767AFD246F4A370093D85D;
			productRefGroup = 92767B07246F4A380093D85D /* Products */;
			projectDirPath = "";
			projectRoot = "";
			targets = (
				92767B05246F4A380093D85D /* TestApp */,
				92767B1B246F4A450093D85D /* TestAppTests */,
				92767B26246F4A450093D85D /* TestAppUITests */,
			);
		};
/* End PBXProject section */

/* Begin PBXResourcesBuildPhase section */
		92767B04246F4A380093D85D /* Resources */ = {
			isa = PBXResourcesBuildPhase;
			buildActionMask = 2147483647;
			files = (
				92767B16246F4A440093D85D /* LaunchScreen.storyboard in Resources */,
				92767B13246F4A440093D85D /* Assets.xcassets in Resources */,
				92767B11246F4A380093D85D /* Main.storyboard in Resources */,
			);
			runOnlyForDeploymentPostprocessing = 0;
		};
		92767B1A246F4A450093D85D /* Resources */ = {
			isa = PBXResourcesBuildPhase;
			buildActionMask = 2147483647;
			files = (
			);
			runOnlyForDeploymentPostprocessing = 0;
		};
		92767B25246F4A450093D85D /* Resources */ = {
			isa = PBXResourcesBuildPhase;
			buildActionMask = 2147483647;
			files = (
			);
			runOnlyForDeploymentPostprocessing = 0;
		};
/* End PBXResourcesBuildPhase section */

/* Begin PBXSourcesBuildPhase section */
		92767B02246F4A380093D85D /* Sources */ = {
			isa = PBXSourcesBuildPhase;
			buildActionMask = 2147483647;
			files = (
				92767B0E246F4A380093D85D /* ViewController.swift in Sources */,
				92767B0A246F4A380093D85D /* AppDelegate.swift in Sources */,
				92767B0C246F4A380093D85D /* SceneDelegate.swift in Sources */,
			);
			runOnlyForDeploymentPostprocessing = 0;
		};
		92767B18246F4A450093D85D /* Sources */ = {
			isa = PBXSourcesBuildPhase;
			buildActionMask = 2147483647;
			files = (
				92767B21246F4A450093D85D /* TestAppTests.swift in Sources */,
			);
			runOnlyForDeploymentPostprocessing = 0;
		};
		92767B23246F4A450093D85D /* Sources */ = {
			isa = PBXSourcesBuildPhase;
			buildActionMask = 2147483647;
			files = (
				92767B2C246F4A450093D85D /* TestAppUITests.swift in Sources */,
			);
			runOnlyForDeploymentPostprocessing = 0;
		};
/* End PBXSourcesBuildPhase section */

/* Begin PBXTargetDependency section */
		92767B1E246F4A450093D85D /* PBXTargetDependency */ = {
			isa = PBXTargetDependency;
			target = 92767B05246F4A380093D85D /* TestApp */;
			targetProxy = 92767B1D246F4A450093D85D /* PBXContainerItemProxy */;
		};
		92767B29246F4A450093D85D /* PBXTargetDependency */ = {
			isa = PBXTargetDependency;
			target = 92767B05246F4A380093D85D /* TestApp */;
			targetProxy = 92767B28246F4A450093D85D /* PBXContainerItemProxy */;
		};
/* End PBXTargetDependency section */

/* Begin PBXVariantGroup section */
		92767B0F246F4A380093D85D /* Main.storyboard */ = {
			isa = PBXVariantGroup;
			children = (
				92767B10246F4A380093D85D /* Base */,
			);
			name = Main.storyboard;
			sourceTree = "<group>";
		};
		92767B14246F4A440093D85D /* LaunchScreen.storyboard */ = {
			isa = PBXVariantGroup;
			children = (
				92767B15246F4A440093D85D /* Base */,
			);
			name = LaunchScreen.storyboard;
			sourceTree = "<group>";
		};
/* End PBXVariantGroup section */

/* Begin XCBuildConfiguration section */
		92767B2E246F4A450093D85D /* Debug */ = {
			isa = XCBuildConfiguration;
			buildSettings = {
				ALWAYS_SEARCH_USER_PATHS = NO;
				CLANG_ANALYZER_NONNULL = YES;
				CLANG_ANALYZER_NUMBER_OBJECT_CONVERSION = YES_AGGRESSIVE;
				CLANG_CXX_LANGUAGE_STANDARD = "gnu++14";
				CLANG_CXX_LIBRARY = "libc++";
				CLANG_ENABLE_MODULES = YES;
				CLANG_ENABLE_OBJC_ARC = YES;
				CLANG_ENABLE_OBJC_WEAK = YES;
				CLANG_WARN_BLOCK_CAPTURE_AUTORELEASING = YES;
				CLANG_WARN_BOOL_CONVERSION = YES;
				CLANG_WARN_COMMA = YES;
				CLANG_WARN_CONSTANT_CONVERSION = YES;
				CLANG_WARN_DEPRECATED_OBJC_IMPLEMENTATIONS = YES;
				CLANG_WARN_DIRECT_OBJC_ISA_USAGE = YES_ERROR;
				CLANG_WARN_DOCUMENTATION_COMMENTS = YES;
				CLANG_WARN_EMPTY_BODY = YES;
				CLANG_WARN_ENUM_CONVERSION = YES;
				CLANG_WARN_INFINITE_RECURSION = YES;
				CLANG_WARN_INT_CONVERSION = YES;
				CLANG_WARN_NON_LITERAL_NULL_CONVERSION = YES;
				CLANG_WARN_OBJC_IMPLICIT_RETAIN_SELF = YES;
				CLANG_WARN_OBJC_LITERAL_CONVERSION = YES;
				CLANG_WARN_OBJC_ROOT_CLASS = YES_ERROR;
				CLANG_WARN_RANGE_LOOP_ANALYSIS = YES;
				CLANG_WARN_STRICT_PROTOTYPES = YES;
				CLANG_WARN_SUSPICIOUS_MOVE = YES;
				CLANG_WARN_UNGUARDED_AVAILABILITY = YES_AGGRESSIVE;
				CLANG_WARN_UNREACHABLE_CODE = YES;
				CLANG_WARN__DUPLICATE_METHOD_MATCH = YES;
				COPY_PHASE_STRIP = NO;
				DEBUG_INFORMATION_FORMAT = dwarf;
				ENABLE_STRICT_OBJC_MSGSEND = YES;
				ENABLE_TESTABILITY = YES;
				GCC_C_LANGUAGE_STANDARD = gnu11;
				GCC_DYNAMIC_NO_PIC = NO;
				GCC_NO_COMMON_BLOCKS = YES;
				GCC_OPTIMIZATION_LEVEL = 0;
				GCC_PREPROCESSOR_DEFINITIONS = (
					"DEBUG=1",
					"$(inherited)",
				);
				GCC_WARN_64_TO_32_BIT_CONVERSION = YES;
				GCC_WARN_ABOUT_RETURN_TYPE = YES_ERROR;
				GCC_WARN_UNDECLARED_SELECTOR = YES;
				GCC_WARN_UNINITIALIZED_AUTOS = YES_AGGRESSIVE;
				GCC_WARN_UNUSED_FUNCTION = YES;
				GCC_WARN_UNUSED_VARIABLE = YES;
				IPHONEOS_DEPLOYMENT_TARGET = 13.4;
				MTL_ENABLE_DEBUG_INFO = INCLUDE_SOURCE;
				MTL_FAST_MATH = YES;
				ONLY_ACTIVE_ARCH = YES;
				SDKROOT = iphoneos;
				SWIFT_ACTIVE_COMPILATION_CONDITIONS = DEBUG;
				SWIFT_OPTIMIZATION_LEVEL = "-Onone";
			};
			name = Debug;
		};
		92767B2F246F4A450093D85D /* Release */ = {
			isa = XCBuildConfiguration;
			buildSettings = {
				ALWAYS_SEARCH_USER_PATHS = NO;
				CLANG_ANALYZER_NONNULL = YES;
				CLANG_ANALYZER_NUMBER_OBJECT_CONVERSION = YES_AGGRESSIVE;
				CLANG_CXX_LANGUAGE_STANDARD = "gnu++14";
				CLANG_CXX_LIBRARY = "libc++";
				CLANG_ENABLE_MODULES = YES;
				CLANG_ENABLE_OBJC_ARC = YES;
				CLANG_ENABLE_OBJC_WEAK = YES;
				CLANG_WARN_BLOCK_CAPTURE_AUTORELEASING = YES;
				CLANG_WARN_BOOL_CONVERSION = YES;
				CLANG_WARN_COMMA = YES;
				CLANG_WARN_CONSTANT_CONVERSION = YES;
				CLANG_WARN_DEPRECATED_OBJC_IMPLEMENTATIONS = YES;
				CLANG_WARN_DIRECT_OBJC_ISA_USAGE = YES_ERROR;
				CLANG_WARN_DOCUMENTATION_COMMENTS = YES;
				CLANG_WARN_EMPTY_BODY = YES;
				CLANG_WARN_ENUM_CONVERSION = YES;
				CLANG_WARN_INFINITE_RECURSION = YES;
				CLANG_WARN_INT_CONVERSION = YES;
				CLANG_WARN_NON_LITERAL_NULL_CONVERSION = YES;
				CLANG_WARN_OBJC_IMPLICIT_RETAIN_SELF = YES;
				CLANG_WARN_OBJC_LITERAL_CONVERSION = YES;
				CLANG_WARN_OBJC_ROOT_CLASS = YES_ERROR;
				CLANG_WARN_RANGE_LOOP_ANALYSIS = YES;
				CLANG_WARN_STRICT_PROTOTYPES = YES;
				CLANG_WARN_SUSPICIOUS_MOVE = YES;
				CLANG_WARN_UNGUARDED_AVAILABILITY = YES_AGGRESSIVE;
				CLANG_WARN_UNREACHABLE_CODE = YES;
				CLANG_WARN__DUPLICATE_METHOD_MATCH = YES;
				COPY_PHASE_STRIP = NO;
				DEBUG_INFORMATION_FORMAT = "dwarf-with-dsym";
				ENABLE_NS_ASSERTIONS = NO;
				ENABLE_STRICT_OBJC_MSGSEND = YES;
				GCC_C_LANGUAGE_STANDARD = gnu11;
				GCC_NO_COMMON_BLOCKS = YES;
				GCC_WARN_64_TO_32_BIT_CONVERSION = YES;
				GCC_WARN_ABOUT_RETURN_TYPE = YES_ERROR;
				GCC_WARN_UNDECLARED_SELECTOR = YES;
				GCC_WARN_UNINITIALIZED_AUTOS = YES_AGGRESSIVE;
				GCC_WARN_UNUSED_FUNCTION = YES;
				GCC_WARN_UNUSED_VARIABLE = YES;
				IPHONEOS_DEPLOYMENT_TARGET = 13.4;
				MTL_ENABLE_DEBUG_INFO = NO;
				MTL_FAST_MATH = YES;
				SDKROOT = iphoneos;
				SWIFT_COMPILATION_MODE = wholemodule;
				SWIFT_OPTIMIZATION_LEVEL = "-O";
				VALIDATE_PRODUCT = YES;
			};
			name = Release;
		};
		92767B31246F4A450093D85D /* Debug */ = {
			isa = XCBuildConfiguration;
			buildSettings = {
				ASSETCATALOG_COMPILER_APPICON_NAME = AppIcon;
				CODE_SIGN_STYLE = Automatic;
				INFOPLIST_FILE = TestApp/Info.plist;
				LD_RUNPATH_SEARCH_PATHS = (
					"$(inherited)",
					"@executable_path/Frameworks",
				);
				PRODUCT_BUNDLE_IDENTIFIER = benkirbycodes.TestApp;
				PRODUCT_NAME = "$(TARGET_NAME)";
				SWIFT_VERSION = 5.0;
				TARGETED_DEVICE_FAMILY = "1,2";
			};
			name = Debug;
		};
		92767B32246F4A450093D85D /* Release */ = {
			isa = XCBuildConfiguration;
			buildSettings = {
				ASSETCATALOG_COMPILER_APPICON_NAME = AppIcon;
				CODE_SIGN_STYLE = Automatic;
				INFOPLIST_FILE = TestApp/Info.plist;
				LD_RUNPATH_SEARCH_PATHS = (
					"$(inherited)",
					"@executable_path/Frameworks",
				);
				PRODUCT_BUNDLE_IDENTIFIER = benkirbycodes.TestApp;
				PRODUCT_NAME = "$(TARGET_NAME)";
				SWIFT_VERSION = 5.0;
				TARGETED_DEVICE_FAMILY = "1,2";
			};
			name = Release;
		};
		92767B34246F4A450093D85D /* Debug */ = {
			isa = XCBuildConfiguration;
			buildSettings = {
				ALWAYS_EMBED_SWIFT_STANDARD_LIBRARIES = YES;
				BUNDLE_LOADER = "$(TEST_HOST)";
				CODE_SIGN_STYLE = Automatic;
				INFOPLIST_FILE = TestAppTests/Info.plist;
				IPHONEOS_DEPLOYMENT_TARGET = 13.4;
				LD_RUNPATH_SEARCH_PATHS = (
					"$(inherited)",
					"@executable_path/Frameworks",
					"@loader_path/Frameworks",
				);
				PRODUCT_BUNDLE_IDENTIFIER = benkirbycodes.TestAppTests;
				PRODUCT_NAME = "$(TARGET_NAME)";
				SWIFT_VERSION = 5.0;
				TARGETED_DEVICE_FAMILY = "1,2";
				TEST_HOST = "$(BUILT_PRODUCTS_DIR)/TestApp.app/TestApp";
			};
			name = Debug;
		};
		92767B35246F4A450093D85D /* Release */ = {
			isa = XCBuildConfiguration;
			buildSettings = {
				ALWAYS_EMBED_SWIFT_STANDARD_LIBRARIES = YES;
				BUNDLE_LOADER = "$(TEST_HOST)";
				CODE_SIGN_STYLE = Automatic;
				INFOPLIST_FILE = TestAppTests/Info.plist;
				IPHONEOS_DEPLOYMENT_TARGET = 13.4;
				LD_RUNPATH_SEARCH_PATHS = (
					"$(inherited)",
					"@executable_path/Frameworks",
					"@loader_path/Frameworks",
				);
				PRODUCT_BUNDLE_IDENTIFIER = benkirbycodes.TestAppTests;
				PRODUCT_NAME = "$(TARGET_NAME)";
				SWIFT_VERSION = 5.0;
				TARGETED_DEVICE_FAMILY = "1,2";
				TEST_HOST = "$(BUILT_PRODUCTS_DIR)/TestApp.app/TestApp";
			};
			name = Release;
		};
		92767B37246F4A450093D85D /* Debug */ = {
			isa = XCBuildConfiguration;
			buildSettings = {
				ALWAYS_EMBED_SWIFT_STANDARD_LIBRARIES = YES;
				CODE_SIGN_STYLE = Automatic;
				INFOPLIST_FILE = TestAppUITests/Info.plist;
				LD_RUNPATH_SEARCH_PATHS = (
					"$(inherited)",
					"@executable_path/Frameworks",
					"@loader_path/Frameworks",
				);
				PRODUCT_BUNDLE_IDENTIFIER = benkirbycodes.TestAppUITests;
				PRODUCT_NAME = "$(TARGET_NAME)";
				SWIFT_VERSION = 5.0;
				TARGETED_DEVICE_FAMILY = "1,2";
				TEST_TARGET_NAME = TestApp;
			};
			name = Debug;
		};
		92767B38246F4A450093D85D /* Release */ = {
			isa = XCBuildConfiguration;
			buildSettings = {
				ALWAYS_EMBED_SWIFT_STANDARD_LIBRARIES = YES;
				CODE_SIGN_STYLE = Automatic;
				INFOPLIST_FILE = TestAppUITests/Info.plist;
				LD_RUNPATH_SEARCH_PATHS = (
					"$(inherited)",
					"@executable_path/Frameworks",
					"@loader_path/Frameworks",
				);
				PRODUCT_BUNDLE_IDENTIFIER = benkirbycodes.TestAppUITests;
				PRODUCT_NAME = "$(TARGET_NAME)";
				SWIFT_VERSION = 5.0;
				TARGETED_DEVICE_FAMILY = "1,2";
				TEST_TARGET_NAME = TestApp;
			};
			name = Release;
		};
/* End XCBuildConfiguration section */

/* Begin XCConfigurationList section */
		92767B01246F4A370093D85D /* Build configuration list for PBXProject "TestApp" */ = {
			isa = XCConfigurationList;
			buildConfigurations = (
				92767B2E246F4A450093D85D /* Debug */,
				92767B2F246F4A450093D85D /* Release */,
			);
			defaultConfigurationIsVisible = 0;
			defaultConfigurationName = Release;
		};
		92767B30246F4A450093D85D /* Build configuration list for PBXNativeTarget "TestApp" */ = {
			isa = XCConfigurationList;
			buildConfigurations = (
				92767B31246F4A450093D85D /* Debug */,
				92767B32246F4A450093D85D /* Release */,
			);
			defaultConfigurationIsVisible = 0;
			defaultConfigurationName = Release;
		};
		92767B33246F4A450093D85D /* Build configuration list for PBXNativeTarget "TestAppTests" */ = {
			isa = XCConfigurationList;
			buildConfigurations = (
				92767B34246F4A450093D85D /* Debug */,
				92767B35246F4A450093D85D /* Release */,
			);
			defaultConfigurationIsVisible = 0;
			defaultConfigurationName = Release;
		};
		92767B36246F4A450093D85D /* Build configuration list for PBXNativeTarget "TestAppUITests" */ = {
			isa = XCConfigurationList;
			buildConfigurations = (
				92767B37246F4A450093D85D /* Debug */,
				92767B38246F4A450093D85D /* Release */,
			);
			defaultConfigurationIsVisible = 0;
			defaultConfigurationName = Release;
		};
/* End XCConfigurationList section */
	};
	rootObject = 92767AFE246F4A370093D85D /* Project object */;
}
